// !$*UTF8*$!
{
	archiveVersion = 1;
	classes = {
	};
	objectVersion = 56;
	objects = {

/* Begin PBXBuildFile section */
		4B3734002C0C2E9200C7CFB4 /* TaskRow.swift in Sources */ = {isa = PBXBuildFile; fileRef = 4B3733FF2C0C2E9200C7CFB4 /* TaskRow.swift */; };
		4B5A8B422C06156800086B9F /* TodoListApp.swift in Sources */ = {isa = PBXBuildFile; fileRef = 4B5A8B412C06156800086B9F /* TodoListApp.swift */; };
		4B5A8B442C06156800086B9F /* ContentView.swift in Sources */ = {isa = PBXBuildFile; fileRef = 4B5A8B432C06156800086B9F /* ContentView.swift */; };
		4B5A8B462C06156900086B9F /* Assets.xcassets in Resources */ = {isa = PBXBuildFile; fileRef = 4B5A8B452C06156900086B9F /* Assets.xcassets */; };
		4B5A8B492C06156900086B9F /* Preview Assets.xcassets in Resources */ = {isa = PBXBuildFile; fileRef = 4B5A8B482C06156900086B9F /* Preview Assets.xcassets */; };
		4B5A8B512C061D9100086B9F /* ColorExtensions.swift in Sources */ = {isa = PBXBuildFile; fileRef = 4B5A8B502C061D9100086B9F /* ColorExtensions.swift */; };
		4B5A8B542C06211900086B9F /* ViewModel.swift in Sources */ = {isa = PBXBuildFile; fileRef = 4B5A8B532C06211900086B9F /* ViewModel.swift */; };
		4B5A8B572C06278600086B9F /* BackgroundView.swift in Sources */ = {isa = PBXBuildFile; fileRef = 4B5A8B562C06278600086B9F /* BackgroundView.swift */; };
		4B5A8B692C06584300086B9F /* TaskListView.swift in Sources */ = {isa = PBXBuildFile; fileRef = 4B5A8B682C06584300086B9F /* TaskListView.swift */; };
		4B5A8B6C2C06608700086B9F /* ListView.swift in Sources */ = {isa = PBXBuildFile; fileRef = 4B5A8B6B2C06608700086B9F /* ListView.swift */; };
		4B5A8B6F2C07694C00086B9F /* EntryFieldView.swift in Sources */ = {isa = PBXBuildFile; fileRef = 4B5A8B6E2C07694C00086B9F /* EntryFieldView.swift */; };
		4B7361572C07B22800F40142 /* ButtonView.swift in Sources */ = {isa = PBXBuildFile; fileRef = 4B7361562C07B22800F40142 /* ButtonView.swift */; };
		4B73615A2C07B5CA00F40142 /* AddTaskView.swift in Sources */ = {isa = PBXBuildFile; fileRef = 4B7361592C07B5CA00F40142 /* AddTaskView.swift */; };
		4B73615E2C08DA3C00F40142 /* NavigationBar.swift in Sources */ = {isa = PBXBuildFile; fileRef = 4B73615D2C08DA3C00F40142 /* NavigationBar.swift */; };
		4B7361632C08E57800F40142 /* Model.swift in Sources */ = {isa = PBXBuildFile; fileRef = 4B7361622C08E57800F40142 /* Model.swift */; };
/* End PBXBuildFile section */

/* Begin PBXFileReference section */
		4B3733FF2C0C2E9200C7CFB4 /* TaskRow.swift */ = {isa = PBXFileReference; lastKnownFileType = sourcecode.swift; path = TaskRow.swift; sourceTree = "<group>"; };
		4B5A8B3E2C06156800086B9F /* TodoList.app */ = {isa = PBXFileReference; explicitFileType = wrapper.application; includeInIndex = 0; path = TodoList.app; sourceTree = BUILT_PRODUCTS_DIR; };
		4B5A8B412C06156800086B9F /* TodoListApp.swift */ = {isa = PBXFileReference; lastKnownFileType = sourcecode.swift; path = TodoListApp.swift; sourceTree = "<group>"; };
		4B5A8B432C06156800086B9F /* ContentView.swift */ = {isa = PBXFileReference; lastKnownFileType = sourcecode.swift; path = ContentView.swift; sourceTree = "<group>"; };
		4B5A8B452C06156900086B9F /* Assets.xcassets */ = {isa = PBXFileReference; lastKnownFileType = folder.assetcatalog; path = Assets.xcassets; sourceTree = "<group>"; };
		4B5A8B482C06156900086B9F /* Preview Assets.xcassets */ = {isa = PBXFileReference; lastKnownFileType = folder.assetcatalog; path = "Preview Assets.xcassets"; sourceTree = "<group>"; };
		4B5A8B502C061D9100086B9F /* ColorExtensions.swift */ = {isa = PBXFileReference; lastKnownFileType = sourcecode.swift; path = ColorExtensions.swift; sourceTree = "<group>"; };
		4B5A8B532C06211900086B9F /* ViewModel.swift */ = {isa = PBXFileReference; lastKnownFileType = sourcecode.swift; path = ViewModel.swift; sourceTree = "<group>"; };
		4B5A8B562C06278600086B9F /* BackgroundView.swift */ = {isa = PBXFileReference; lastKnownFileType = sourcecode.swift; path = BackgroundView.swift; sourceTree = "<group>"; };
		4B5A8B682C06584300086B9F /* TaskListView.swift */ = {isa = PBXFileReference; lastKnownFileType = sourcecode.swift; path = TaskListView.swift; sourceTree = "<group>"; };
		4B5A8B6B2C06608700086B9F /* ListView.swift */ = {isa = PBXFileReference; lastKnownFileType = sourcecode.swift; path = ListView.swift; sourceTree = "<group>"; };
		4B5A8B6E2C07694C00086B9F /* EntryFieldView.swift */ = {isa = PBXFileReference; lastKnownFileType = sourcecode.swift; path = EntryFieldView.swift; sourceTree = "<group>"; };
		4B7361562C07B22800F40142 /* ButtonView.swift */ = {isa = PBXFileReference; lastKnownFileType = sourcecode.swift; path = ButtonView.swift; sourceTree = "<group>"; };
		4B7361592C07B5CA00F40142 /* AddTaskView.swift */ = {isa = PBXFileReference; lastKnownFileType = sourcecode.swift; path = AddTaskView.swift; sourceTree = "<group>"; };
		4B73615D2C08DA3C00F40142 /* NavigationBar.swift */ = {isa = PBXFileReference; lastKnownFileType = sourcecode.swift; path = NavigationBar.swift; sourceTree = "<group>"; };
		4B7361622C08E57800F40142 /* Model.swift */ = {isa = PBXFileReference; lastKnownFileType = sourcecode.swift; path = Model.swift; sourceTree = "<group>"; };
/* End PBXFileReference section */

/* Begin PBXFrameworksBuildPhase section */
		4B5A8B3B2C06156800086B9F /* Frameworks */ = {
			isa = PBXFrameworksBuildPhase;
			buildActionMask = 2147483647;
			files = (
			);
			runOnlyForDeploymentPostprocessing = 0;
		};
/* End PBXFrameworksBuildPhase section */

/* Begin PBXGroup section */
		4B5A8B352C06156800086B9F = {
			isa = PBXGroup;
			children = (
				4B5A8B402C06156800086B9F /* TodoList */,
				4B5A8B3F2C06156800086B9F /* Products */,
			);
			sourceTree = "<group>";
		};
		4B5A8B3F2C06156800086B9F /* Products */ = {
			isa = PBXGroup;
			children = (
				4B5A8B3E2C06156800086B9F /* TodoList.app */,
			);
			name = Products;
			sourceTree = "<group>";
		};
		4B5A8B402C06156800086B9F /* TodoList */ = {
			isa = PBXGroup;
			children = (
				4B5A8B412C06156800086B9F /* TodoListApp.swift */,
				4B5A8B432C06156800086B9F /* ContentView.swift */,
				4B5A8B672C06583000086B9F /* Views */,
				4B5A8B522C06210600086B9F /* ViewModel */,
				4B73615F2C08E55100F40142 /* Model */,
				4B5A8B552C0626D200086B9F /* Components */,
				4B5A8B4F2C061D2200086B9F /* Extensions */,
				4B5A8B452C06156900086B9F /* Assets.xcassets */,
				4B5A8B472C06156900086B9F /* Preview Content */,
			);
			path = TodoList;
			sourceTree = "<group>";
		};
		4B5A8B472C06156900086B9F /* Preview Content */ = {
			isa = PBXGroup;
			children = (
				4B5A8B482C06156900086B9F /* Preview Assets.xcassets */,
			);
			path = "Preview Content";
			sourceTree = "<group>";
		};
		4B5A8B4F2C061D2200086B9F /* Extensions */ = {
			isa = PBXGroup;
			children = (
				4B5A8B502C061D9100086B9F /* ColorExtensions.swift */,
			);
			path = Extensions;
			sourceTree = "<group>";
		};
		4B5A8B522C06210600086B9F /* ViewModel */ = {
			isa = PBXGroup;
			children = (
				4B5A8B532C06211900086B9F /* ViewModel.swift */,
			);
			path = ViewModel;
			sourceTree = "<group>";
		};
		4B5A8B552C0626D200086B9F /* Components */ = {
			isa = PBXGroup;
			children = (
				4B5A8B562C06278600086B9F /* BackgroundView.swift */,
				4B5A8B6E2C07694C00086B9F /* EntryFieldView.swift */,
				4B7361562C07B22800F40142 /* ButtonView.swift */,
				4B73615D2C08DA3C00F40142 /* NavigationBar.swift */,
			);
			path = Components;
			sourceTree = "<group>";
		};
		4B5A8B672C06583000086B9F /* Views */ = {
			isa = PBXGroup;
			children = (
				4B9852512C0C2BE6000DAF1F /* TaskList */,
				4B7361582C07B5BC00F40142 /* AddTask */,
				4B5A8B6A2C06603000086B9F /* Subviews */,
			);
			path = Views;
			sourceTree = "<group>";
		};
		4B5A8B6A2C06603000086B9F /* Subviews */ = {
			isa = PBXGroup;
			children = (
				4B5A8B6B2C06608700086B9F /* ListView.swift */,
				4B3733FF2C0C2E9200C7CFB4 /* TaskRow.swift */,
			);
			path = Subviews;
			sourceTree = "<group>";
		};
		4B7361582C07B5BC00F40142 /* AddTask */ = {
			isa = PBXGroup;
			children = (
				4B7361592C07B5CA00F40142 /* AddTaskView.swift */,
			);
			path = AddTask;
			sourceTree = "<group>";
		};
		4B73615F2C08E55100F40142 /* Model */ = {
			isa = PBXGroup;
			children = (
				4B7361622C08E57800F40142 /* Model.swift */,
			);
			path = Model;
			sourceTree = "<group>";
		};
		4B9852512C0C2BE6000DAF1F /* TaskList */ = {
			isa = PBXGroup;
			children = (
				4B5A8B682C06584300086B9F /* TaskListView.swift */,
			);
			path = TaskList;
			sourceTree = "<group>";
		};
/* End PBXGroup section */

/* Begin PBXNativeTarget section */
		4B5A8B3D2C06156800086B9F /* TodoList */ = {
			isa = PBXNativeTarget;
			buildConfigurationList = 4B5A8B4C2C06156900086B9F /* Build configuration list for PBXNativeTarget "TodoList" */;
			buildPhases = (
				4B5A8B3A2C06156800086B9F /* Sources */,
				4B5A8B3B2C06156800086B9F /* Frameworks */,
				4B5A8B3C2C06156800086B9F /* Resources */,
			);
			buildRules = (
			);
			dependencies = (
			);
			name = TodoList;
			productName = TodoList;
			productReference = 4B5A8B3E2C06156800086B9F /* TodoList.app */;
			productType = "com.apple.product-type.application";
		};
/* End PBXNativeTarget section */

/* Begin PBXProject section */
		4B5A8B362C06156800086B9F /* Project object */ = {
			isa = PBXProject;
			attributes = {
				BuildIndependentTargetsInParallel = 1;
				LastSwiftUpdateCheck = 1540;
				LastUpgradeCheck = 1540;
				TargetAttributes = {
					4B5A8B3D2C06156800086B9F = {
						CreatedOnToolsVersion = 15.4;
					};
				};
			};
			buildConfigurationList = 4B5A8B392C06156800086B9F /* Build configuration list for PBXProject "TodoList" */;
			compatibilityVersion = "Xcode 14.0";
			developmentRegion = en;
			hasScannedForEncodings = 0;
			knownRegions = (
				en,
				Base,
			);
			mainGroup = 4B5A8B352C06156800086B9F;
			productRefGroup = 4B5A8B3F2C06156800086B9F /* Products */;
			projectDirPath = "";
			projectRoot = "";
			targets = (
				4B5A8B3D2C06156800086B9F /* TodoList */,
			);
		};
/* End PBXProject section */

/* Begin PBXResourcesBuildPhase section */
		4B5A8B3C2C06156800086B9F /* Resources */ = {
			isa = PBXResourcesBuildPhase;
			buildActionMask = 2147483647;
			files = (
				4B5A8B492C06156900086B9F /* Preview Assets.xcassets in Resources */,
				4B5A8B462C06156900086B9F /* Assets.xcassets in Resources */,
			);
			runOnlyForDeploymentPostprocessing = 0;
		};
/* End PBXResourcesBuildPhase section */

/* Begin PBXSourcesBuildPhase section */
		4B5A8B3A2C06156800086B9F /* Sources */ = {
			isa = PBXSourcesBuildPhase;
			buildActionMask = 2147483647;
			files = (
				4B5A8B572C06278600086B9F /* BackgroundView.swift in Sources */,
				4B73615A2C07B5CA00F40142 /* AddTaskView.swift in Sources */,
				4B5A8B442C06156800086B9F /* ContentView.swift in Sources */,
				4B7361632C08E57800F40142 /* Model.swift in Sources */,
				4B5A8B422C06156800086B9F /* TodoListApp.swift in Sources */,
				4B3734002C0C2E9200C7CFB4 /* TaskRow.swift in Sources */,
				4B5A8B6F2C07694C00086B9F /* EntryFieldView.swift in Sources */,
				4B73615E2C08DA3C00F40142 /* NavigationBar.swift in Sources */,
				4B5A8B6C2C06608700086B9F /* ListView.swift in Sources */,
				4B5A8B542C06211900086B9F /* ViewModel.swift in Sources */,
				4B5A8B512C061D9100086B9F /* ColorExtensions.swift in Sources */,
				4B5A8B692C06584300086B9F /* TaskListView.swift in Sources */,
				4B7361572C07B22800F40142 /* ButtonView.swift in Sources */,
			);
			runOnlyForDeploymentPostprocessing = 0;
		};
/* End PBXSourcesBuildPhase section */

/* Begin XCBuildConfiguration section */
		4B5A8B4A2C06156900086B9F /* Debug */ = {
			isa = XCBuildConfiguration;
			buildSettings = {
				ALWAYS_SEARCH_USER_PATHS = NO;
				ASSETCATALOG_COMPILER_GENERATE_SWIFT_ASSET_SYMBOL_EXTENSIONS = YES;
				CLANG_ANALYZER_NONNULL = YES;
				CLANG_ANALYZER_NUMBER_OBJECT_CONVERSION = YES_AGGRESSIVE;
				CLANG_CXX_LANGUAGE_STANDARD = "gnu++20";
				CLANG_ENABLE_MODULES = YES;
				CLANG_ENABLE_OBJC_ARC = YES;
				CLANG_ENABLE_OBJC_WEAK = YES;
				CLANG_WARN_BLOCK_CAPTURE_AUTORELEASING = YES;
				CLANG_WARN_BOOL_CONVERSION = YES;
				CLANG_WARN_COMMA = YES;
				CLANG_WARN_CONSTANT_CONVERSION = YES;
				CLANG_WARN_DEPRECATED_OBJC_IMPLEMENTATIONS = YES;
				CLANG_WARN_DIRECT_OBJC_ISA_USAGE = YES_ERROR;
				CLANG_WARN_DOCUMENTATION_COMMENTS = YES;
				CLANG_WARN_EMPTY_BODY = YES;
				CLANG_WARN_ENUM_CONVERSION = YES;
				CLANG_WARN_INFINITE_RECURSION = YES;
				CLANG_WARN_INT_CONVERSION = YES;
				CLANG_WARN_NON_LITERAL_NULL_CONVERSION = YES;
				CLANG_WARN_OBJC_IMPLICIT_RETAIN_SELF = YES;
				CLANG_WARN_OBJC_LITERAL_CONVERSION = YES;
				CLANG_WARN_OBJC_ROOT_CLASS = YES_ERROR;
				CLANG_WARN_QUOTED_INCLUDE_IN_FRAMEWORK_HEADER = YES;
				CLANG_WARN_RANGE_LOOP_ANALYSIS = YES;
				CLANG_WARN_STRICT_PROTOTYPES = YES;
				CLANG_WARN_SUSPICIOUS_MOVE = YES;
				CLANG_WARN_UNGUARDED_AVAILABILITY = YES_AGGRESSIVE;
				CLANG_WARN_UNREACHABLE_CODE = YES;
				CLANG_WARN__DUPLICATE_METHOD_MATCH = YES;
				COPY_PHASE_STRIP = NO;
				DEBUG_INFORMATION_FORMAT = dwarf;
				ENABLE_STRICT_OBJC_MSGSEND = YES;
				ENABLE_TESTABILITY = YES;
				ENABLE_USER_SCRIPT_SANDBOXING = YES;
				GCC_C_LANGUAGE_STANDARD = gnu17;
				GCC_DYNAMIC_NO_PIC = NO;
				GCC_NO_COMMON_BLOCKS = YES;
				GCC_OPTIMIZATION_LEVEL = 0;
				GCC_PREPROCESSOR_DEFINITIONS = (
					"DEBUG=1",
					"$(inherited)",
				);
				GCC_WARN_64_TO_32_BIT_CONVERSION = YES;
				GCC_WARN_ABOUT_RETURN_TYPE = YES_ERROR;
				GCC_WARN_UNDECLARED_SELECTOR = YES;
				GCC_WARN_UNINITIALIZED_AUTOS = YES_AGGRESSIVE;
				GCC_WARN_UNUSED_FUNCTION = YES;
				GCC_WARN_UNUSED_VARIABLE = YES;
				IPHONEOS_DEPLOYMENT_TARGET = 17.5;
				LOCALIZATION_PREFERS_STRING_CATALOGS = YES;
				MTL_ENABLE_DEBUG_INFO = INCLUDE_SOURCE;
				MTL_FAST_MATH = YES;
				ONLY_ACTIVE_ARCH = YES;
				SDKROOT = iphoneos;
				SWIFT_ACTIVE_COMPILATION_CONDITIONS = "DEBUG $(inherited)";
				SWIFT_OPTIMIZATION_LEVEL = "-Onone";
			};
			name = Debug;
		};
		4B5A8B4B2C06156900086B9F /* Release */ = {
			isa = XCBuildConfiguration;
			buildSettings = {
				ALWAYS_SEARCH_USER_PATHS = NO;
				ASSETCATALOG_COMPILER_GENERATE_SWIFT_ASSET_SYMBOL_EXTENSIONS = YES;
				CLANG_ANALYZER_NONNULL = YES;
				CLANG_ANALYZER_NUMBER_OBJECT_CONVERSION = YES_AGGRESSIVE;
				CLANG_CXX_LANGUAGE_STANDARD = "gnu++20";
				CLANG_ENABLE_MODULES = YES;
				CLANG_ENABLE_OBJC_ARC = YES;
				CLANG_ENABLE_OBJC_WEAK = YES;
				CLANG_WARN_BLOCK_CAPTURE_AUTORELEASING = YES;
				CLANG_WARN_BOOL_CONVERSION = YES;
				CLANG_WARN_COMMA = YES;
				CLANG_WARN_CONSTANT_CONVERSION = YES;
				CLANG_WARN_DEPRECATED_OBJC_IMPLEMENTATIONS = YES;
				CLANG_WARN_DIRECT_OBJC_ISA_USAGE = YES_ERROR;
				CLANG_WARN_DOCUMENTATION_COMMENTS = YES;
				CLANG_WARN_EMPTY_BODY = YES;
				CLANG_WARN_ENUM_CONVERSION = YES;
				CLANG_WARN_INFINITE_RECURSION = YES;
				CLANG_WARN_INT_CONVERSION = YES;
				CLANG_WARN_NON_LITERAL_NULL_CONVERSION = YES;
				CLANG_WARN_OBJC_IMPLICIT_RETAIN_SELF = YES;
				CLANG_WARN_OBJC_LITERAL_CONVERSION = YES;
				CLANG_WARN_OBJC_ROOT_CLASS = YES_ERROR;
				CLANG_WARN_QUOTED_INCLUDE_IN_FRAMEWORK_HEADER = YES;
				CLANG_WARN_RANGE_LOOP_ANALYSIS = YES;
				CLANG_WARN_STRICT_PROTOTYPES = YES;
				CLANG_WARN_SUSPICIOUS_MOVE = YES;
				CLANG_WARN_UNGUARDED_AVAILABILITY = YES_AGGRESSIVE;
				CLANG_WARN_UNREACHABLE_CODE = YES;
				CLANG_WARN__DUPLICATE_METHOD_MATCH = YES;
				COPY_PHASE_STRIP = NO;
				DEBUG_INFORMATION_FORMAT = "dwarf-with-dsym";
				ENABLE_NS_ASSERTIONS = NO;
				ENABLE_STRICT_OBJC_MSGSEND = YES;
				ENABLE_USER_SCRIPT_SANDBOXING = YES;
				GCC_C_LANGUAGE_STANDARD = gnu17;
				GCC_NO_COMMON_BLOCKS = YES;
				GCC_WARN_64_TO_32_BIT_CONVERSION = YES;
				GCC_WARN_ABOUT_RETURN_TYPE = YES_ERROR;
				GCC_WARN_UNDECLARED_SELECTOR = YES;
				GCC_WARN_UNINITIALIZED_AUTOS = YES_AGGRESSIVE;
				GCC_WARN_UNUSED_FUNCTION = YES;
				GCC_WARN_UNUSED_VARIABLE = YES;
				IPHONEOS_DEPLOYMENT_TARGET = 17.5;
				LOCALIZATION_PREFERS_STRING_CATALOGS = YES;
				MTL_ENABLE_DEBUG_INFO = NO;
				MTL_FAST_MATH = YES;
				SDKROOT = iphoneos;
				SWIFT_COMPILATION_MODE = wholemodule;
				VALIDATE_PRODUCT = YES;
			};
			name = Release;
		};
		4B5A8B4D2C06156900086B9F /* Debug */ = {
			isa = XCBuildConfiguration;
			buildSettings = {
				ASSETCATALOG_COMPILER_APPICON_NAME = AppIcon;
				ASSETCATALOG_COMPILER_GLOBAL_ACCENT_COLOR_NAME = AccentColor;
				CODE_SIGN_STYLE = Automatic;
				CURRENT_PROJECT_VERSION = 1;
				DEVELOPMENT_ASSET_PATHS = "\"TodoList/Preview Content\"";
				ENABLE_PREVIEWS = YES;
				GENERATE_INFOPLIST_FILE = YES;
				INFOPLIST_KEY_UIApplicationSceneManifest_Generation = YES;
				INFOPLIST_KEY_UIApplicationSupportsIndirectInputEvents = YES;
				INFOPLIST_KEY_UILaunchScreen_Generation = YES;
				INFOPLIST_KEY_UISupportedInterfaceOrientations = UIInterfaceOrientationPortrait;
				INFOPLIST_KEY_UISupportedInterfaceOrientations_iPad = "UIInterfaceOrientationLandscapeLeft UIInterfaceOrientationLandscapeRight UIInterfaceOrientationPortrait UIInterfaceOrientationPortraitUpsideDown";
				LD_RUNPATH_SEARCH_PATHS = (
					"$(inherited)",
					"@executable_path/Frameworks",
				);
				MARKETING_VERSION = 1.0;
				PRODUCT_BUNDLE_IDENTIFIER = master.TodoList;
				PRODUCT_NAME = "$(TARGET_NAME)";
				SUPPORTED_PLATFORMS = "iphoneos iphonesimulator";
				SUPPORTS_MACCATALYST = NO;
				SUPPORTS_MAC_DESIGNED_FOR_IPHONE_IPAD = NO;
				SUPPORTS_XR_DESIGNED_FOR_IPHONE_IPAD = NO;
				SWIFT_EMIT_LOC_STRINGS = YES;
				SWIFT_VERSION = 5.0;
				TARGETED_DEVICE_FAMILY = 1;
			};
			name = Debug;
		};
		4B5A8B4E2C06156900086B9F /* Release */ = {
			isa = XCBuildConfiguration;
			buildSettings = {
				ASSETCATALOG_COMPILER_APPICON_NAME = AppIcon;
				ASSETCATALOG_COMPILER_GLOBAL_ACCENT_COLOR_NAME = AccentColor;
				CODE_SIGN_STYLE = Automatic;
				CURRENT_PROJECT_VERSION = 1;
				DEVELOPMENT_ASSET_PATHS = "\"TodoList/Preview Content\"";
				ENABLE_PREVIEWS = YES;
				GENERATE_INFOPLIST_FILE = YES;
				INFOPLIST_KEY_UIApplicationSceneManifest_Generation = YES;
				INFOPLIST_KEY_UIApplicationSupportsIndirectInputEvents = YES;
				INFOPLIST_KEY_UILaunchScreen_Generation = YES;
				INFOPLIST_KEY_UISupportedInterfaceOrientations = UIInterfaceOrientationPortrait;
				INFOPLIST_KEY_UISupportedInterfaceOrientations_iPad = "UIInterfaceOrientationLandscapeLeft UIInterfaceOrientationLandscapeRight UIInterfaceOrientationPortrait UIInterfaceOrientationPortraitUpsideDown";
				LD_RUNPATH_SEARCH_PATHS = (
					"$(inherited)",
					"@executable_path/Frameworks",
				);
				MARKETING_VERSION = 1.0;
				PRODUCT_BUNDLE_IDENTIFIER = master.TodoList;
				PRODUCT_NAME = "$(TARGET_NAME)";
				SUPPORTED_PLATFORMS = "iphoneos iphonesimulator";
				SUPPORTS_MACCATALYST = NO;
				SUPPORTS_MAC_DESIGNED_FOR_IPHONE_IPAD = NO;
				SUPPORTS_XR_DESIGNED_FOR_IPHONE_IPAD = NO;
				SWIFT_EMIT_LOC_STRINGS = YES;
				SWIFT_VERSION = 5.0;
				TARGETED_DEVICE_FAMILY = 1;
			};
			name = Release;
		};
/* End XCBuildConfiguration section */

/* Begin XCConfigurationList section */
		4B5A8B392C06156800086B9F /* Build configuration list for PBXProject "TodoList" */ = {
			isa = XCConfigurationList;
			buildConfigurations = (
				4B5A8B4A2C06156900086B9F /* Debug */,
				4B5A8B4B2C06156900086B9F /* Release */,
			);
			defaultConfigurationIsVisible = 0;
			defaultConfigurationName = Release;
		};
		4B5A8B4C2C06156900086B9F /* Build configuration list for PBXNativeTarget "TodoList" */ = {
			isa = XCConfigurationList;
			buildConfigurations = (
				4B5A8B4D2C06156900086B9F /* Debug */,
				4B5A8B4E2C06156900086B9F /* Release */,
			);
			defaultConfigurationIsVisible = 0;
			defaultConfigurationName = Release;
		};
/* End XCConfigurationList section */
	};
	rootObject = 4B5A8B362C06156800086B9F /* Project object */;
}
